
Microsoft Visual Studio Solution File, Format Version 12.00
# Visual Studio Version 17
VisualStudioVersion = 17.11.35312.102
MinimumVisualStudioVersion = 10.0.40219.1
Project("{9A19103F-16F7-4668-BE54-9A1E7A4F7556}") = "Tyuiu.RyabtsevNE.Sprint1.Task0.V27", "Tyuiu.RyabtsevNE.Sprint1.Task0.V27\Tyuiu.RyabtsevNE.Sprint1.Task0.V27.csproj", "{D60A371D-342E-454B-AD23-F55EF0BE9B31}"
EndProject
Project("{9A19103F-16F7-4668-BE54-9A1E7A4F7556}") = "Tyuiu.RyabtsevNE.Sprint1.Task0.V27.Lib", "Tyuiu.RyabtsevNE.Sprint1.Task0.V27.Lib\Tyuiu.RyabtsevNE.Sprint1.Task0.V27.Lib.csproj", "{C11CB8A7-F9A8-47E5-9F41-98C5A791078F}"
EndProject
Project("{9A19103F-16F7-4668-BE54-9A1E7A4F7556}") = "Tyuiu.RyabtsevNE.Sprint1.Task0.V27.Test", "Tyuiu.RyabtsevNE.Sprint1.Task0.V27.Test\Tyuiu.RyabtsevNE.Sprint1.Task0.V27.Test.csproj", "{24DF2D6D-32C2-4968-9ADF-6400ABEB5026}"
EndProject
Project("{2150E333-8FDC-42A3-9474-1A3956D46DE8}") = "Task0", "Task0", "{2CC4AFBD-7A96-4FF9-B6BA-FF8EEBEAD026}"
EndProject
Project("{2150E333-8FDC-42A3-9474-1A3956D46DE8}") = "Task1", "Task1", "{63EFA4AC-0CFD-4732-810B-04E757B8FAF0}"
EndProject
Project("{FAE04EC0-301F-11D3-BF4B-00C04F79EFBC}") = "Tyuiu.RyabtsevNE.Sprint1.Task1.V5", "Tyuiu.RyabtsevNE.Sprint1.Task1.V5\Tyuiu.RyabtsevNE.Sprint1.Task1.V5.csproj", "{9A76D270-D60B-4361-AE4E-08C4EC6C28EE}"
EndProject
Project("{FAE04EC0-301F-11D3-BF4B-00C04F79EFBC}") = "Tyuiu.RyabtsevNE.Sprint1.Task1.V5.Lib", "Tyuiu.RyabtsevNE.Sprint1.Task1.V5.Lib\Tyuiu.RyabtsevNE.Sprint1.Task1.V5.Lib.csproj", "{422B0F52-6DE5-4385-918E-80230E5F2074}"
EndProject
Project("{FAE04EC0-301F-11D3-BF4B-00C04F79EFBC}") = "Tyuiu.RyabtsevNE.Sprint1.Task1.V5.Test", "Tyuiu.RyabtsevNE.Sprint1.Task1.V5.Test\Tyuiu.RyabtsevNE.Sprint1.Task1.V5.Test.csproj", "{B7351AE1-5A32-48FE-B36F-B308AED1D095}"
EndProject
Project("{2150E333-8FDC-42A3-9474-1A3956D46DE8}") = "Task2", "Task2", "{4DBD0FD4-D8AE-44FE-89C1-D63409237AA4}"
EndProject
Project("{FAE04EC0-301F-11D3-BF4B-00C04F79EFBC}") = "Tyuiu.RyabtsevNE.Sprint1.Task2.V11", "Tyuiu.RyabtsevNE.Sprint1.Task2.V11\Tyuiu.RyabtsevNE.Sprint1.Task2.V11.csproj", "{D3C7E4AD-297B-4156-978C-D9095F6815E3}"
EndProject
Project("{FAE04EC0-301F-11D3-BF4B-00C04F79EFBC}") = "Tyuiu.RyabtsevNE.Sprint1.Task2.V11.Lib", "Tyuiu.RyabtsevNE.Sprint1.Task2.V11.Lib\Tyuiu.RyabtsevNE.Sprint1.Task2.V11.Lib.csproj", "{FCEE2049-3DB8-4E09-AE69-C8FCDB295865}"
EndProject
Project("{FAE04EC0-301F-11D3-BF4B-00C04F79EFBC}") = "Tyuiu.RyabtsevNE.Sprint1.Task2.V11.Test", "Tyuiu.RyabtsevNE.Sprint1.Task2.V11.Test\Tyuiu.RyabtsevNE.Sprint1.Task2.V11.Test.csproj", "{00CF827C-C7A9-4075-BC20-1FEC0E726AEF}"
EndProject
Global
	GlobalSection(SolutionConfigurationPlatforms) = preSolution
		Debug|Any CPU = Debug|Any CPU
		Release|Any CPU = Release|Any CPU
	EndGlobalSection
	GlobalSection(ProjectConfigurationPlatforms) = postSolution
		{D60A371D-342E-454B-AD23-F55EF0BE9B31}.Debug|Any CPU.ActiveCfg = Debug|Any CPU
		{D60A371D-342E-454B-AD23-F55EF0BE9B31}.Debug|Any CPU.Build.0 = Debug|Any CPU
		{D60A371D-342E-454B-AD23-F55EF0BE9B31}.Release|Any CPU.ActiveCfg = Release|Any CPU
		{D60A371D-342E-454B-AD23-F55EF0BE9B31}.Release|Any CPU.Build.0 = Release|Any CPU
		{C11CB8A7-F9A8-47E5-9F41-98C5A791078F}.Debug|Any CPU.ActiveCfg = Debug|Any CPU
		{C11CB8A7-F9A8-47E5-9F41-98C5A791078F}.Debug|Any CPU.Build.0 = Debug|Any CPU
		{C11CB8A7-F9A8-47E5-9F41-98C5A791078F}.Release|Any CPU.ActiveCfg = Release|Any CPU
		{C11CB8A7-F9A8-47E5-9F41-98C5A791078F}.Release|Any CPU.Build.0 = Release|Any CPU
		{24DF2D6D-32C2-4968-9ADF-6400ABEB5026}.Debug|Any CPU.ActiveCfg = Debug|Any CPU
		{24DF2D6D-32C2-4968-9ADF-6400ABEB5026}.Debug|Any CPU.Build.0 = Debug|Any CPU
		{24DF2D6D-32C2-4968-9ADF-6400ABEB5026}.Release|Any CPU.ActiveCfg = Release|Any CPU
		{24DF2D6D-32C2-4968-9ADF-6400ABEB5026}.Release|Any CPU.Build.0 = Release|Any CPU
		{9A76D270-D60B-4361-AE4E-08C4EC6C28EE}.Debug|Any CPU.ActiveCfg = Debug|Any CPU
		{9A76D270-D60B-4361-AE4E-08C4EC6C28EE}.Debug|Any CPU.Build.0 = Debug|Any CPU
		{9A76D270-D60B-4361-AE4E-08C4EC6C28EE}.Release|Any CPU.ActiveCfg = Release|Any CPU
		{9A76D270-D60B-4361-AE4E-08C4EC6C28EE}.Release|Any CPU.Build.0 = Release|Any CPU
		{422B0F52-6DE5-4385-918E-80230E5F2074}.Debug|Any CPU.ActiveCfg = Debug|Any CPU
		{422B0F52-6DE5-4385-918E-80230E5F2074}.Debug|Any CPU.Build.0 = Debug|Any CPU
		{422B0F52-6DE5-4385-918E-80230E5F2074}.Release|Any CPU.ActiveCfg = Release|Any CPU
		{422B0F52-6DE5-4385-918E-80230E5F2074}.Release|Any CPU.Build.0 = Release|Any CPU
		{B7351AE1-5A32-48FE-B36F-B308AED1D095}.Debug|Any CPU.ActiveCfg = Debug|Any CPU
		{B7351AE1-5A32-48FE-B36F-B308AED1D095}.Debug|Any CPU.Build.0 = Debug|Any CPU
		{B7351AE1-5A32-48FE-B36F-B308AED1D095}.Release|Any CPU.ActiveCfg = Release|Any CPU
		{B7351AE1-5A32-48FE-B36F-B308AED1D095}.Release|Any CPU.Build.0 = Release|Any CPU
		{D3C7E4AD-297B-4156-978C-D9095F6815E3}.Debug|Any CPU.ActiveCfg = Debug|Any CPU
		{D3C7E4AD-297B-4156-978C-D9095F6815E3}.Debug|Any CPU.Build.0 = Debug|Any CPU
		{D3C7E4AD-297B-4156-978C-D9095F6815E3}.Release|Any CPU.ActiveCfg = Release|Any CPU
		{D3C7E4AD-297B-4156-978C-D9095F6815E3}.Release|Any CPU.Build.0 = Release|Any CPU
		{FCEE2049-3DB8-4E09-AE69-C8FCDB295865}.Debug|Any CPU.ActiveCfg = Debug|Any CPU
		{FCEE2049-3DB8-4E09-AE69-C8FCDB295865}.Debug|Any CPU.Build.0 = Debug|Any CPU
		{FCEE2049-3DB8-4E09-AE69-C8FCDB295865}.Release|Any CPU.ActiveCfg = Release|Any CPU
		{FCEE2049-3DB8-4E09-AE69-C8FCDB295865}.Release|Any CPU.Build.0 = Release|Any CPU
		{00CF827C-C7A9-4075-BC20-1FEC0E726AEF}.Debug|Any CPU.ActiveCfg = Debug|Any CPU
		{00CF827C-C7A9-4075-BC20-1FEC0E726AEF}.Debug|Any CPU.Build.0 = Debug|Any CPU
		{00CF827C-C7A9-4075-BC20-1FEC0E726AEF}.Release|Any CPU.ActiveCfg = Release|Any CPU
		{00CF827C-C7A9-4075-BC20-1FEC0E726AEF}.Release|Any CPU.Build.0 = Release|Any CPU
	EndGlobalSection
	GlobalSection(SolutionProperties) = preSolution
		HideSolutionNode = FALSE
	EndGlobalSection
	GlobalSection(NestedProjects) = preSolution
		{D60A371D-342E-454B-AD23-F55EF0BE9B31} = {2CC4AFBD-7A96-4FF9-B6BA-FF8EEBEAD026}
		{C11CB8A7-F9A8-47E5-9F41-98C5A791078F} = {2CC4AFBD-7A96-4FF9-B6BA-FF8EEBEAD026}
		{24DF2D6D-32C2-4968-9ADF-6400ABEB5026} = {2CC4AFBD-7A96-4FF9-B6BA-FF8EEBEAD026}
		{9A76D270-D60B-4361-AE4E-08C4EC6C28EE} = {63EFA4AC-0CFD-4732-810B-04E757B8FAF0}
		{422B0F52-6DE5-4385-918E-80230E5F2074} = {63EFA4AC-0CFD-4732-810B-04E757B8FAF0}
		{B7351AE1-5A32-48FE-B36F-B308AED1D095} = {63EFA4AC-0CFD-4732-810B-04E757B8FAF0}
		{D3C7E4AD-297B-4156-978C-D9095F6815E3} = {4DBD0FD4-D8AE-44FE-89C1-D63409237AA4}
		{FCEE2049-3DB8-4E09-AE69-C8FCDB295865} = {4DBD0FD4-D8AE-44FE-89C1-D63409237AA4}
		{00CF827C-C7A9-4075-BC20-1FEC0E726AEF} = {4DBD0FD4-D8AE-44FE-89C1-D63409237AA4}
	EndGlobalSection
	GlobalSection(ExtensibilityGlobals) = postSolution
		SolutionGuid = {A0FB5BF2-C9D9-46AB-8DA8-DE7D5EDA2CFC}
	EndGlobalSection
EndGlobal
